
Microsoft Visual Studio Solution File, Format Version 12.00
# Visual Studio Version 16
VisualStudioVersion = 16.0.30011.22
MinimumVisualStudioVersion = 10.0.40219.1
Project("{FAE04EC0-301F-11D3-BF4B-00C04F79EFBC}") = "VendaWebMvc", "VendaWebMvc\VendaWebMvc.csproj", "{A645D720-8511-4FB1-A501-3707B4255E29}"
EndProject
Global
	GlobalSection(SolutionConfigurationPlatforms) = preSolution
		Debug|Any CPU = Debug|Any CPU
		Release|Any CPU = Release|Any CPU
	EndGlobalSection
	GlobalSection(ProjectConfigurationPlatforms) = postSolution
		{A645D720-8511-4FB1-A501-3707B4255E29}.Debug|Any CPU.ActiveCfg = Debug|Any CPU
		{A645D720-8511-4FB1-A501-3707B4255E29}.Debug|Any CPU.Build.0 = Debug|Any CPU
		{A645D720-8511-4FB1-A501-3707B4255E29}.Release|Any CPU.ActiveCfg = Release|Any CPU
		{A645D720-8511-4FB1-A501-3707B4255E29}.Release|Any CPU.Build.0 = Release|Any CPU
	EndGlobalSection
	GlobalSection(SolutionProperties) = preSolution
		HideSolutionNode = FALSE
	EndGlobalSection
	GlobalSection(ExtensibilityGlobals) = postSolution
		SolutionGuid = {57290191-F5ED-4EDB-8BE0-68B89BDE6BE8}
	EndGlobalSection
EndGlobal
